
Microsoft Visual Studio Solution File, Format Version 12.00
# Visual Studio 15
VisualStudioVersion = 15.0.27703.2000
MinimumVisualStudioVersion = 10.0.40219.1
Project("{FAE04EC0-301F-11D3-BF4B-00C04F79EFBC}") = "DoAn1", "DoAn1\DoAn1.csproj", "{457931D3-D953-4ACE-BD47-E36B0C0A1560}"
EndProject
Global
	GlobalSection(SolutionConfigurationPlatforms) = preSolution
		Debug|Any CPU = Debug|Any CPU
		Release|Any CPU = Release|Any CPU
	EndGlobalSection
	GlobalSection(ProjectConfigurationPlatforms) = postSolution
		{457931D3-D953-4ACE-BD47-E36B0C0A1560}.Debug|Any CPU.ActiveCfg = Debug|Any CPU
		{457931D3-D953-4ACE-BD47-E36B0C0A1560}.Debug|Any CPU.Build.0 = Debug|Any CPU
		{457931D3-D953-4ACE-BD47-E36B0C0A1560}.Release|Any CPU.ActiveCfg = Release|Any CPU
		{457931D3-D953-4ACE-BD47-E36B0C0A1560}.Release|Any CPU.Build.0 = Release|Any CPU
	EndGlobalSection
	GlobalSection(SolutionProperties) = preSolution
		HideSolutionNode = FALSE
	EndGlobalSection
	GlobalSection(ExtensibilityGlobals) = postSolution
		SolutionGuid = {119BF1ED-18DE-4329-8510-B28CB3E14901}
	EndGlobalSection
EndGlobal
